// !$*UTF8*$!
{
	archiveVersion = 1;
	classes = {
	};
	objectVersion = 46;
	objects = {

/* Begin PBXBuildFile section */
		625CD56F1D30AE2800D6EFDD /* AppDelegate.swift in Sources */ = {isa = PBXBuildFile; fileRef = 625CD56E1D30AE2800D6EFDD /* AppDelegate.swift */; };
		625CD5711D30AE2800D6EFDD /* ViewController.swift in Sources */ = {isa = PBXBuildFile; fileRef = 625CD5701D30AE2800D6EFDD /* ViewController.swift */; };
		625CD5741D30AE2800D6EFDD /* Main.storyboard in Resources */ = {isa = PBXBuildFile; fileRef = 625CD5721D30AE2800D6EFDD /* Main.storyboard */; };
		625CD5761D30AE2800D6EFDD /* Assets.xcassets in Resources */ = {isa = PBXBuildFile; fileRef = 625CD5751D30AE2800D6EFDD /* Assets.xcassets */; };
		625CD5791D30AE2800D6EFDD /* LaunchScreen.storyboard in Resources */ = {isa = PBXBuildFile; fileRef = 625CD5771D30AE2800D6EFDD /* LaunchScreen.storyboard */; };
/* End PBXBuildFile section */

/* Begin PBXFileReference section */
		625CD56B1D30AE2800D6EFDD /* MultiplesApp.app */ = {isa = PBXFileReference; explicitFileType = wrapper.application; includeInIndex = 0; path = MultiplesApp.app; sourceTree = BUILT_PRODUCTS_DIR; };
		625CD56E1D30AE2800D6EFDD /* AppDelegate.swift */ = {isa = PBXFileReference; lastKnownFileType = sourcecode.swift; path = AppDelegate.swift; sourceTree = "<group>"; };
		625CD5701D30AE2800D6EFDD /* ViewController.swift */ = {isa = PBXFileReference; lastKnownFileType = sourcecode.swift; path = ViewController.swift; sourceTree = "<group>"; };
		625CD5731D30AE2800D6EFDD /* Base */ = {isa = PBXFileReference; lastKnownFileType = file.storyboard; name = Base; path = Base.lproj/Main.storyboard; sourceTree = "<group>"; };
		625CD5751D30AE2800D6EFDD /* Assets.xcassets */ = {isa = PBXFileReference; lastKnownFileType = folder.assetcatalog; path = Assets.xcassets; sourceTree = "<group>"; };
		625CD5781D30AE2800D6EFDD /* Base */ = {isa = PBXFileReference; lastKnownFileType = file.storyboard; name = Base; path = Base.lproj/LaunchScreen.storyboard; sourceTree = "<group>"; };
		625CD57A1D30AE2800D6EFDD /* Info.plist */ = {isa = PBXFileReference; lastKnownFileType = text.plist.xml; path = Info.plist; sourceTree = "<group>"; };
/* End PBXFileReference section */

/* Begin PBXFrameworksBuildPhase section */
		625CD5681D30AE2800D6EFDD /* Frameworks */ = {
			isa = PBXFrameworksBuildPhase;
			buildActionMask = 2147483647;
			files = (
			);
			runOnlyForDeploymentPostprocessing = 0;
		};
/* End PBXFrameworksBuildPhase section */

/* Begin PBXGroup section */
		625CD5621D30AE2800D6EFDD = {
			isa = PBXGroup;
			children = (
				625CD56D1D30AE2800D6EFDD /* MultiplesApp */,
				625CD56C1D30AE2800D6EFDD /* Products */,
			);
			sourceTree = "<group>";
		};
		625CD56C1D30AE2800D6EFDD /* Products */ = {
			isa = PBXGroup;
			children = (
				625CD56B1D30AE2800D6EFDD /* MultiplesApp.app */,
			);
			name = Products;
			sourceTree = "<group>";
		};
		625CD56D1D30AE2800D6EFDD /* MultiplesApp */ = {
			isa = PBXGroup;
			children = (
				625CD56E1D30AE2800D6EFDD /* AppDelegate.swift */,
				625CD5701D30AE2800D6EFDD /* ViewController.swift */,
				625CD5721D30AE2800D6EFDD /* Main.storyboard */,
				625CD5751D30AE2800D6EFDD /* Assets.xcassets */,
				625CD5771D30AE2800D6EFDD /* LaunchScreen.storyboard */,
				625CD57A1D30AE2800D6EFDD /* Info.plist */,
			);
			path = MultiplesApp;
			sourceTree = "<group>";
		};
/* End PBXGroup section */

/* Begin PBXNativeTarget section */
		625CD56A1D30AE2800D6EFDD /* MultiplesApp */ = {
			isa = PBXNativeTarget;
			buildConfigurationList = 625CD57D1D30AE2800D6EFDD /* Build configuration list for PBXNativeTarget "MultiplesApp" */;
			buildPhases = (
				625CD5671D30AE2800D6EFDD /* Sources */,
				625CD5681D30AE2800D6EFDD /* Frameworks */,
				625CD5691D30AE2800D6EFDD /* Resources */,
			);
			buildRules = (
			);
			dependencies = (
			);
			name = MultiplesApp;
			productName = MultiplesApp;
			productReference = 625CD56B1D30AE2800D6EFDD /* MultiplesApp.app */;
			productType = "com.apple.product-type.application";
		};
/* End PBXNativeTarget section */

/* Begin PBXProject section */
		625CD5631D30AE2800D6EFDD /* Project object */ = {
			isa = PBXProject;
			attributes = {
				LastSwiftUpdateCheck = 0730;
				LastUpgradeCheck = 0730;
				ORGANIZATIONNAME = "Vandan Patel";
				TargetAttributes = {
					625CD56A1D30AE2800D6EFDD = {
						CreatedOnToolsVersion = 7.3.1;
					};
				};
			};
			buildConfigurationList = 625CD5661D30AE2800D6EFDD /* Build configuration list for PBXProject "MultiplesApp" */;
			compatibilityVersion = "Xcode 3.2";
			developmentRegion = English;
			hasScannedForEncodings = 0;
			knownRegions = (
				en,
				Base,
			);
			mainGroup = 625CD5621D30AE2800D6EFDD;
			productRefGroup = 625CD56C1D30AE2800D6EFDD /* Products */;
			projectDirPath = "";
			projectRoot = "";
			targets = (
				625CD56A1D30AE2800D6EFDD /* MultiplesApp */,
			);
		};
/* End PBXProject section */

/* Begin PBXResourcesBuildPhase section */
		625CD5691D30AE2800D6EFDD /* Resources */ = {
			isa = PBXResourcesBuildPhase;
			buildActionMask = 2147483647;
			files = (
				625CD5791D30AE2800D6EFDD /* LaunchScreen.storyboard in Resources */,
				625CD5761D30AE2800D6EFDD /* Assets.xcassets in Resources */,
				625CD5741D30AE2800D6EFDD /* Main.storyboard in Resources */,
			);
			runOnlyForDeploymentPostprocessing = 0;
		};
/* End PBXResourcesBuildPhase section */

/* Begin PBXSourcesBuildPhase section */
		625CD5671D30AE2800D6EFDD /* Sources */ = {
			isa = PBXSourcesBuildPhase;
			buildActionMask = 2147483647;
			files = (
				625CD5711D30AE2800D6EFDD /* ViewController.swift in Sources */,
				625CD56F1D30AE2800D6EFDD /* AppDelegate.swift in Sources */,
			);
			runOnlyForDeploymentPostprocessing = 0;
		};
/* End PBXSourcesBuildPhase section */

/* Begin PBXVariantGroup section */
		625CD5721D30AE2800D6EFDD /* Main.storyboard */ = {
			isa = PBXVariantGroup;
			children = (
				625CD5731D30AE2800D6EFDD /* Base */,
			);
			name = Main.storyboard;
			sourceTree = "<group>";
		};
		625CD5771D30AE2800D6EFDD /* LaunchScreen.storyboard */ = {
			isa = PBXVariantGroup;
			children = (
				625CD5781D30AE2800D6EFDD /* Base */,
			);
			name = LaunchScreen.storyboard;
			sourceTree = "<group>";
		};
/* End PBXVariantGroup section */

/* Begin XCBuildConfiguration section */
		625CD57B1D30AE2800D6EFDD /* Debug */ = {
			isa = XCBuildConfiguration;
			buildSettings = {
				ALWAYS_SEARCH_USER_PATHS = NO;
				CLANG_ANALYZER_NONNULL = YES;
				CLANG_CXX_LANGUAGE_STANDARD = "gnu++0x";
				CLANG_CXX_LIBRARY = "libc++";
				CLANG_ENABLE_MODULES = YES;
				CLANG_ENABLE_OBJC_ARC = YES;
				CLANG_WARN_BOOL_CONVERSION = YES;
				CLANG_WARN_CONSTANT_CONVERSION = YES;
				CLANG_WARN_DIRECT_OBJC_ISA_USAGE = YES_ERROR;
				CLANG_WARN_EMPTY_BODY = YES;
				CLANG_WARN_ENUM_CONVERSION = YES;
				CLANG_WARN_INT_CONVERSION = YES;
				CLANG_WARN_OBJC_ROOT_CLASS = YES_ERROR;
				CLANG_WARN_UNREACHABLE_CODE = YES;
				CLANG_WARN__DUPLICATE_METHOD_MATCH = YES;
				"CODE_SIGN_IDENTITY[sdk=iphoneos*]" = "iPhone Developer";
				COPY_PHASE_STRIP = NO;
				DEBUG_INFORMATION_FORMAT = dwarf;
				ENABLE_STRICT_OBJC_MSGSEND = YES;
				ENABLE_TESTABILITY = YES;
				GCC_C_LANGUAGE_STANDARD = gnu99;
				GCC_DYNAMIC_NO_PIC = NO;
				GCC_NO_COMMON_BLOCKS = YES;
				GCC_OPTIMIZATION_LEVEL = 0;
				GCC_PREPROCESSOR_DEFINITIONS = (
					"DEBUG=1",
					"$(inherited)",
				);
				GCC_WARN_64_TO_32_BIT_CONVERSION = YES;
				GCC_WARN_ABOUT_RETURN_TYPE = YES_ERROR;
				GCC_WARN_UNDECLARED_SELECTOR = YES;
				GCC_WARN_UNINITIALIZED_AUTOS = YES_AGGRESSIVE;
				GCC_WARN_UNUSED_FUNCTION = YES;
				GCC_WARN_UNUSED_VARIABLE = YES;
				IPHONEOS_DEPLOYMENT_TARGET = 9.3;
				MTL_ENABLE_DEBUG_INFO = YES;
				ONLY_ACTIVE_ARCH = YES;
				SDKROOT = iphoneos;
				SWIFT_OPTIMIZATION_LEVEL = "-Onone";
			};
			name = Debug;
		};
		625CD57C1D30AE2800D6EFDD /* Release */ = {
			isa = XCBuildConfiguration;
			buildSettings = {
				ALWAYS_SEARCH_USER_PATHS = NO;
				CLANG_ANALYZER_NONNULL = YES;
				CLANG_CXX_LANGUAGE_STANDARD = "gnu++0x";
				CLANG_CXX_LIBRARY = "libc++";
				CLANG_ENABLE_MODULES = YES;
				CLANG_ENABLE_OBJC_ARC = YES;
				CLANG_WARN_BOOL_CONVERSION = YES;
				CLANG_WARN_CONSTANT_CONVERSION = YES;
				CLANG_WARN_DIRECT_OBJC_ISA_USAGE = YES_ERROR;
				CLANG_WARN_EMPTY_BODY = YES;
				CLANG_WARN_ENUM_CONVERSION = YES;
				CLANG_WARN_INT_CONVERSION = YES;
				CLANG_WARN_OBJC_ROOT_CLASS = YES_ERROR;
				CLANG_WARN_UNREACHABLE_CODE = YES;
				CLANG_WARN__DUPLICATE_METHOD_MATCH = YES;
				"CODE_SIGN_IDENTITY[sdk=iphoneos*]" = "iPhone Developer";
				COPY_PHASE_STRIP = NO;
				DEBUG_INFORMATION_FORMAT = "dwarf-with-dsym";
				ENABLE_NS_ASSERTIONS = NO;
				ENABLE_STRICT_OBJC_MSGSEND = YES;
				GCC_C_LANGUAGE_STANDARD = gnu99;
				GCC_NO_COMMON_BLOCKS = YES;
				GCC_WARN_64_TO_32_BIT_CONVERSION = YES;
				GCC_WARN_ABOUT_RETURN_TYPE = YES_ERROR;
				GCC_WARN_UNDECLARED_SELECTOR = YES;
				GCC_WARN_UNINITIALIZED_AUTOS = YES_AGGRESSIVE;
				GCC_WARN_UNUSED_FUNCTION = YES;
				GCC_WARN_UNUSED_VARIABLE = YES;
				IPHONEOS_DEPLOYMENT_TARGET = 9.3;
				MTL_ENABLE_DEBUG_INFO = NO;
				SDKROOT = iphoneos;
				VALIDATE_PRODUCT = YES;
			};
			name = Release;
		};
		625CD57E1D30AE2800D6EFDD /* Debug */ = {
			isa = XCBuildConfiguration;
			buildSettings = {
				ASSETCATALOG_COMPILER_APPICON_NAME = AppIcon;
				INFOPLIST_FILE = MultiplesApp/Info.plist;
				LD_RUNPATH_SEARCH_PATHS = "$(inherited) @executable_path/Frameworks";
				PRODUCT_BUNDLE_IDENTIFIER = com.vandanpatel.MultiplesApp;
				PRODUCT_NAME = "$(TARGET_NAME)";
			};
			name = Debug;
		};
		625CD57F1D30AE2800D6EFDD /* Release */ = {
			isa = XCBuildConfiguration;
			buildSettings = {
				ASSETCATALOG_COMPILER_APPICON_NAME = AppIcon;
				INFOPLIST_FILE = MultiplesApp/Info.plist;
				LD_RUNPATH_SEARCH_PATHS = "$(inherited) @executable_path/Frameworks";
				PRODUCT_BUNDLE_IDENTIFIER = com.vandanpatel.MultiplesApp;
				PRODUCT_NAME = "$(TARGET_NAME)";
			};
			name = Release;
		};
/* End XCBuildConfiguration section */

/* Begin XCConfigurationList section */
		625CD5661D30AE2800D6EFDD /* Build configuration list for PBXProject "MultiplesApp" */ = {
			isa = XCConfigurationList;
			buildConfigurations = (
				625CD57B1D30AE2800D6EFDD /* Debug */,
				625CD57C1D30AE2800D6EFDD /* Release */,
			);
			defaultConfigurationIsVisible = 0;
			defaultConfigurationName = Release;
		};
		625CD57D1D30AE2800D6EFDD /* Build configuration list for PBXNativeTarget "MultiplesApp" */ = {
			isa = XCConfigurationList;
			buildConfigurations = (
				625CD57E1D30AE2800D6EFDD /* Debug */,
				625CD57F1D30AE2800D6EFDD /* Release */,
			);
			defaultConfigurationIsVisible = 0;
		};
/* End XCConfigurationList section */
	};
	rootObject = 625CD5631D30AE2800D6EFDD /* Project object */;
}
